// !$*UTF8*$!
{
    archiveVersion = 1;
    classes = {
    };
    objectVersion = 56;
    objects = {

/* Begin PBXBuildFile section */
        A10001AA /* FX_Live_MacApp.swift in Sources */ = {isa = PBXBuildFile; fileRef = A10001AB /* FX_Live_MacApp.swift */; };
        A10002AA /* ContentView.swift in Sources */ = {isa = PBXBuildFile; fileRef = A10002AB /* ContentView.swift */; };
        A10003AA /* MacShowsView.swift in Sources */ = {isa = PBXBuildFile; fileRef = A10003AB /* MacShowsView.swift */; };
        A10004AA /* MacPerformView.swift in Sources */ = {isa = PBXBuildFile; fileRef = A10004AB /* MacPerformView.swift */; };
        A10005AA /* MacDesignView.swift in Sources */ = {isa = PBXBuildFile; fileRef = A10005AB /* MacDesignView.swift */; };
        A10006AA /* MacMusicView.swift in Sources */ = {isa = PBXBuildFile; fileRef = A10006AB /* MacMusicView.swift */; };
        A10007AA /* MacFilesView.swift in Sources */ = {isa = PBXBuildFile; fileRef = A10007AB /* MacFilesView.swift */; };
        A10008AA /* MacSettingsView.swift in Sources */ = {isa = PBXBuildFile; fileRef = A10008AB /* MacSettingsView.swift */; };
        A10011AA /* FxEngine.swift in Sources */ = {isa = PBXBuildFile; fileRef = A10011AB /* FxEngine.swift */; };
        A10012AA /* FxShow.swift in Sources */ = {isa = PBXBuildFile; fileRef = A10012AB /* FxShow.swift */; };
        A10013AA /* FxVersion.swift in Sources */ = {isa = PBXBuildFile; fileRef = A10013AB /* FxVersion.swift */; };
        A10014AA /* FxCue.swift in Sources */ = {isa = PBXBuildFile; fileRef = A10014AB /* FxCue.swift */; };
        A10015AA /* FxEffect.swift in Sources */ = {isa = PBXBuildFile; fileRef = A10015AB /* FxEffect.swift */; };
        A10016AA /* FxSettings.swift in Sources */ = {isa = PBXBuildFile; fileRef = A10016AB /* FxSettings.swift */; };
        A10017AA /* FxEQ.swift in Sources */ = {isa = PBXBuildFile; fileRef = A10017AB /* FxEQ.swift */; };
        A10018AA /* FxDSP.swift in Sources */ = {isa = PBXBuildFile; fileRef = A10018AB /* FxDSP.swift */; };
        A10019AA /* propertyAnimation.swift in Sources */ = {isa = PBXBuildFile; fileRef = A10019AB /* propertyAnimation.swift */; };
        A10020AA /* Utils.swift in Sources */ = {isa = PBXBuildFile; fileRef = A10020AC /* Utils.swift */; };
        A10021AA /* audioEngine.m in Sources */ = {isa = PBXBuildFile; fileRef = A10021AB /* audioEngine.m */; };
        A10022AA /* EQSettings.m in Sources */ = {isa = PBXBuildFile; fileRef = A10022AB /* EQSettings.m */; };
        A10023AA /* DSPSettings.m in Sources */ = {isa = PBXBuildFile; fileRef = A10023AB /* DSPSettings.m */; };
        A10024AA /* SwiftTryCatch.m in Sources */ = {isa = PBXBuildFile; fileRef = A10024AB /* SwiftTryCatch.m */; };
        A10025AA /* ZipArchive.mm in Sources */ = {isa = PBXBuildFile; fileRef = A10025AB /* ZipArchive.mm */; settings = {COMPILER_FLAGS = "-fno-objc-arc"; }; };
        A10031AA /* ioapi.c in Sources */ = {isa = PBXBuildFile; fileRef = A10031AB /* ioapi.c */; };
        A10032AA /* mztools.c in Sources */ = {isa = PBXBuildFile; fileRef = A10032AB /* mztools.c */; };
        A10033AA /* unzip.c in Sources */ = {isa = PBXBuildFile; fileRef = A10033AB /* unzip.c */; };
        A10034AA /* zip.c in Sources */ = {isa = PBXBuildFile; fileRef = A10034AB /* zip.c */; };
        A10041AA /* AudioToolbox.framework in Frameworks */ = {isa = PBXBuildFile; fileRef = A10041AB /* AudioToolbox.framework */; };
        A10042AA /* AVFoundation.framework in Frameworks */ = {isa = PBXBuildFile; fileRef = A10042AB /* AVFoundation.framework */; };
        A10043AA /* CoreMedia.framework in Frameworks */ = {isa = PBXBuildFile; fileRef = A10043AB /* CoreMedia.framework */; };
        A10044AA /* CoreMIDI.framework in Frameworks */ = {isa = PBXBuildFile; fileRef = A10044AB /* CoreMIDI.framework */; };
        A10045AA /* AVKit.framework in Frameworks */ = {isa = PBXBuildFile; fileRef = A10045AB /* AVKit.framework */; };
        A10046AA /* StoreKit.framework in Frameworks */ = {isa = PBXBuildFile; fileRef = A10046AB /* StoreKit.framework */; };
        A10047AA /* MultipeerConnectivity.framework in Frameworks */ = {isa = PBXBuildFile; fileRef = A10047AB /* MultipeerConnectivity.framework */; };
        A10048AA /* libz.tbd in Frameworks */ = {isa = PBXBuildFile; fileRef = A10048AB /* libz.tbd */; };
/* End PBXBuildFile section */

/* Begin PBXFileReference section */
        A10000AA /* FX-Live-Mac.app */ = {isa = PBXFileReference; explicitFileType = wrapper.application; includeInIndex = 0; path = "FX-Live-Mac.app"; sourceTree = BUILT_PRODUCTS_DIR; };
        A10001AB /* FX_Live_MacApp.swift */ = {isa = PBXFileReference; lastKnownFileType = sourcecode.swift; path = FX_Live_MacApp.swift; sourceTree = "<group>"; };
        A10002AB /* ContentView.swift */ = {isa = PBXFileReference; lastKnownFileType = sourcecode.swift; path = ContentView.swift; sourceTree = "<group>"; };
        A10003AB /* MacShowsView.swift */ = {isa = PBXFileReference; lastKnownFileType = sourcecode.swift; path = MacShowsView.swift; sourceTree = "<group>"; };
        A10004AB /* MacPerformView.swift */ = {isa = PBXFileReference; lastKnownFileType = sourcecode.swift; path = MacPerformView.swift; sourceTree = "<group>"; };
        A10005AB /* MacDesignView.swift */ = {isa = PBXFileReference; lastKnownFileType = sourcecode.swift; path = MacDesignView.swift; sourceTree = "<group>"; };
        A10006AB /* MacMusicView.swift */ = {isa = PBXFileReference; lastKnownFileType = sourcecode.swift; path = MacMusicView.swift; sourceTree = "<group>"; };
        A10007AB /* MacFilesView.swift */ = {isa = PBXFileReference; lastKnownFileType = sourcecode.swift; path = MacFilesView.swift; sourceTree = "<group>"; };
        A10008AB /* MacSettingsView.swift */ = {isa = PBXFileReference; lastKnownFileType = sourcecode.swift; path = MacSettingsView.swift; sourceTree = "<group>"; };
        A10009AB /* FX-Live-Mac-Bridging-Header.h */ = {isa = PBXFileReference; lastKnownFileType = sourcecode.c.h; path = "FX-Live-Mac-Bridging-Header.h"; sourceTree = "<group>"; };
        A10011AB /* FxEngine.swift */ = {isa = PBXFileReference; lastKnownFileType = sourcecode.swift; name = FxEngine.swift; path = "../FX-Live2/FX-Live2/FxEngine.swift"; sourceTree = "<group>"; };
        A10012AB /* FxShow.swift */ = {isa = PBXFileReference; lastKnownFileType = sourcecode.swift; name = FxShow.swift; path = "../FX-Live2/FX-Live2/FxShow.swift"; sourceTree = "<group>"; };
        A10013AB /* FxVersion.swift */ = {isa = PBXFileReference; lastKnownFileType = sourcecode.swift; name = FxVersion.swift; path = "../FX-Live2/FX-Live2/FxVersion.swift"; sourceTree = "<group>"; };
        A10014AB /* FxCue.swift */ = {isa = PBXFileReference; lastKnownFileType = sourcecode.swift; name = FxCue.swift; path = "../FX-Live2/FX-Live2/FxCue.swift"; sourceTree = "<group>"; };
        A10015AB /* FxEffect.swift */ = {isa = PBXFileReference; lastKnownFileType = sourcecode.swift; name = FxEffect.swift; path = "../FX-Live2/FX-Live2/FxEffect.swift"; sourceTree = "<group>"; };
        A10016AB /* FxSettings.swift */ = {isa = PBXFileReference; lastKnownFileType = sourcecode.swift; name = FxSettings.swift; path = "../FX-Live2/FX-Live2/FxSettings.swift"; sourceTree = "<group>"; };
        A10017AB /* FxEQ.swift */ = {isa = PBXFileReference; lastKnownFileType = sourcecode.swift; name = FxEQ.swift; path = "../FX-Live2/FX-Live2/FxEQ.swift"; sourceTree = "<group>"; };
        A10018AB /* FxDSP.swift */ = {isa = PBXFileReference; lastKnownFileType = sourcecode.swift; name = FxDSP.swift; path = "../FX-Live2/FX-Live2/FxDSP.swift"; sourceTree = "<group>"; };
        A10019AB /* propertyAnimation.swift */ = {isa = PBXFileReference; lastKnownFileType = sourcecode.swift; name = propertyAnimation.swift; path = "../FX-Live2/FX-Live2/propertyAnimation.swift"; sourceTree = "<group>"; };
        A10020AC /* Utils.swift */ = {isa = PBXFileReference; lastKnownFileType = sourcecode.swift; name = Utils.swift; path = "../FX-Live2/FX-Live2/Utils.swift"; sourceTree = "<group>"; };
        A10020AB /* AudioEngine.h */ = {isa = PBXFileReference; lastKnownFileType = sourcecode.c.h; name = AudioEngine.h; path = "../FX-Live2/FX-Live2/AudioEngine.h"; sourceTree = "<group>"; };
        A10021AB /* audioEngine.m */ = {isa = PBXFileReference; lastKnownFileType = sourcecode.c.objc; name = audioEngine.m; path = "../FX-Live2/FX-Live2/audioEngine.m"; sourceTree = "<group>"; };
        A10022AB /* EQSettings.m */ = {isa = PBXFileReference; lastKnownFileType = sourcecode.c.objc; name = EQSettings.m; path = "../FX-Live2/FX-Live2/EQSettings.m"; sourceTree = "<group>"; };
        A10022AC /* EQSettings.h */ = {isa = PBXFileReference; lastKnownFileType = sourcecode.c.h; name = EQSettings.h; path = "../FX-Live2/FX-Live2/EQSettings.h"; sourceTree = "<group>"; };
        A10023AB /* DSPSettings.m */ = {isa = PBXFileReference; lastKnownFileType = sourcecode.c.objc; name = DSPSettings.m; path = "../FX-Live2/FX-Live2/DSPSettings.m"; sourceTree = "<group>"; };
        A10023AC /* DSPSettings.h */ = {isa = PBXFileReference; lastKnownFileType = sourcecode.c.h; name = DSPSettings.h; path = "../FX-Live2/FX-Live2/DSPSettings.h"; sourceTree = "<group>"; };
        A10024AB /* SwiftTryCatch.m */ = {isa = PBXFileReference; lastKnownFileType = sourcecode.c.objc; name = SwiftTryCatch.m; path = "../FX-Live2/SwiftTryCatch.m"; sourceTree = "<group>"; };
        A10024AC /* SwiftTryCatch.h */ = {isa = PBXFileReference; lastKnownFileType = sourcecode.c.h; name = SwiftTryCatch.h; path = "../FX-Live2/SwiftTryCatch.h"; sourceTree = "<group>"; };
        A10025AB /* ZipArchive.mm */ = {isa = PBXFileReference; lastKnownFileType = sourcecode.cpp.objcpp; name = ZipArchive.mm; path = "../FX-Live2/ZipArchive.mm"; sourceTree = "<group>"; };
        A10025AC /* ZipArchive.h */ = {isa = PBXFileReference; lastKnownFileType = sourcecode.c.h; name = ZipArchive.h; path = "../FX-Live2/ZipArchive.h"; sourceTree = "<group>"; };
        A10030AB /* crypt.h */ = {isa = PBXFileReference; lastKnownFileType = sourcecode.c.h; name = crypt.h; path = "../FX-Live2/minizip/crypt.h"; sourceTree = "<group>"; };
        A10031AB /* ioapi.c */ = {isa = PBXFileReference; lastKnownFileType = sourcecode.c.c; name = ioapi.c; path = "../FX-Live2/minizip/ioapi.c"; sourceTree = "<group>"; };
        A10031AC /* ioapi.h */ = {isa = PBXFileReference; lastKnownFileType = sourcecode.c.h; name = ioapi.h; path = "../FX-Live2/minizip/ioapi.h"; sourceTree = "<group>"; };
        A10032AB /* mztools.c */ = {isa = PBXFileReference; lastKnownFileType = sourcecode.c.c; name = mztools.c; path = "../FX-Live2/minizip/mztools.c"; sourceTree = "<group>"; };
        A10032AC /* mztools.h */ = {isa = PBXFileReference; lastKnownFileType = sourcecode.c.h; name = mztools.h; path = "../FX-Live2/minizip/mztools.h"; sourceTree = "<group>"; };
        A10033AB /* unzip.c */ = {isa = PBXFileReference; lastKnownFileType = sourcecode.c.c; name = unzip.c; path = "../FX-Live2/minizip/unzip.c"; sourceTree = "<group>"; };
        A10033AC /* unzip.h */ = {isa = PBXFileReference; lastKnownFileType = sourcecode.c.h; name = unzip.h; path = "../FX-Live2/minizip/unzip.h"; sourceTree = "<group>"; };
        A10034AB /* zip.c */ = {isa = PBXFileReference; lastKnownFileType = sourcecode.c.c; name = zip.c; path = "../FX-Live2/minizip/zip.c"; sourceTree = "<group>"; };
        A10034AC /* zip.h */ = {isa = PBXFileReference; lastKnownFileType = sourcecode.c.h; name = zip.h; path = "../FX-Live2/minizip/zip.h"; sourceTree = "<group>"; };
        A10050AB /* bass.h */ = {isa = PBXFileReference; lastKnownFileType = sourcecode.c.h; name = bass.h; path = "../FX-Live2/FX-Live2/bass.h"; sourceTree = "<group>"; };
        A10051AB /* bassmix.h */ = {isa = PBXFileReference; lastKnownFileType = sourcecode.c.h; name = bassmix.h; path = "../FX-Live2/FX-Live2/bassmix.h"; sourceTree = "<group>"; };
        A10052AB /* bassmidi.h */ = {isa = PBXFileReference; lastKnownFileType = sourcecode.c.h; name = bassmidi.h; path = "../FX-Live2/FX-Live2/bassmidi.h"; sourceTree = "<group>"; };
        A10053AB /* bassenc.h */ = {isa = PBXFileReference; lastKnownFileType = sourcecode.c.h; name = bassenc.h; path = "../FX-Live2/FX-Live2/bassenc.h"; sourceTree = "<group>"; };
        A10041AB /* AudioToolbox.framework */ = {isa = PBXFileReference; lastKnownFileType = wrapper.framework; name = AudioToolbox.framework; path = System/Library/Frameworks/AudioToolbox.framework; sourceTree = SDKROOT; };
        A10042AB /* AVFoundation.framework */ = {isa = PBXFileReference; lastKnownFileType = wrapper.framework; name = AVFoundation.framework; path = System/Library/Frameworks/AVFoundation.framework; sourceTree = SDKROOT; };
        A10043AB /* CoreMedia.framework */ = {isa = PBXFileReference; lastKnownFileType = wrapper.framework; name = CoreMedia.framework; path = System/Library/Frameworks/CoreMedia.framework; sourceTree = SDKROOT; };
        A10044AB /* CoreMIDI.framework */ = {isa = PBXFileReference; lastKnownFileType = wrapper.framework; name = CoreMIDI.framework; path = System/Library/Frameworks/CoreMIDI.framework; sourceTree = SDKROOT; };
        A10045AB /* AVKit.framework */ = {isa = PBXFileReference; lastKnownFileType = wrapper.framework; name = AVKit.framework; path = System/Library/Frameworks/AVKit.framework; sourceTree = SDKROOT; };
        A10046AB /* StoreKit.framework */ = {isa = PBXFileReference; lastKnownFileType = wrapper.framework; name = StoreKit.framework; path = System/Library/Frameworks/StoreKit.framework; sourceTree = SDKROOT; };
        A10047AB /* MultipeerConnectivity.framework */ = {isa = PBXFileReference; lastKnownFileType = wrapper.framework; name = MultipeerConnectivity.framework; path = System/Library/Frameworks/MultipeerConnectivity.framework; sourceTree = SDKROOT; };
        A10048AB /* libz.tbd */ = {isa = PBXFileReference; lastKnownFileType = "sourcecode.text-based-dylib-definition"; name = libz.tbd; path = usr/lib/libz.tbd; sourceTree = SDKROOT; };
/* End PBXFileReference section */

/* Begin PBXFrameworksBuildPhase section */
        A1F00001 /* Frameworks */ = {
            isa = PBXFrameworksBuildPhase;
            buildActionMask = 2147483647;
            files = (
                A10041AA /* AudioToolbox.framework in Frameworks */,
                A10042AA /* AVFoundation.framework in Frameworks */,
                A10043AA /* CoreMedia.framework in Frameworks */,
                A10044AA /* CoreMIDI.framework in Frameworks */,
                A10045AA /* AVKit.framework in Frameworks */,
                A10046AA /* StoreKit.framework in Frameworks */,
                A10047AA /* MultipeerConnectivity.framework in Frameworks */,
                A10048AA /* libz.tbd in Frameworks */,
            );
            runOnlyForDeploymentPostprocessing = 0;
        };
/* End PBXFrameworksBuildPhase section */

/* Begin PBXGroup section */
        A1G00001 /* root */ = {
            isa = PBXGroup;
            children = (
                A1G00002 /* FX-Live-Mac */,
                A1G00003 /* Shared Engine */,
                A1G00004 /* BASS Audio */,
                A1G00005 /* minizip */,
                A1G00006 /* Frameworks */,
                A1G00007 /* Products */,
            );
            sourceTree = "<group>";
        };
        A1G00002 /* FX-Live-Mac */ = {
            isa = PBXGroup;
            children = (
                A10001AB /* FX_Live_MacApp.swift */,
                A10002AB /* ContentView.swift */,
                A10003AB /* MacShowsView.swift */,
                A10004AB /* MacPerformView.swift */,
                A10005AB /* MacDesignView.swift */,
                A10006AB /* MacMusicView.swift */,
                A10007AB /* MacFilesView.swift */,
                A10008AB /* MacSettingsView.swift */,
                A10009AB /* FX-Live-Mac-Bridging-Header.h */,
            );
            path = "FX-Live-Mac";
            sourceTree = "<group>";
        };
        A1G00003 /* Shared Engine */ = {
            isa = PBXGroup;
            children = (
                A10011AB /* FxEngine.swift */,
                A10012AB /* FxShow.swift */,
                A10013AB /* FxVersion.swift */,
                A10014AB /* FxCue.swift */,
                A10015AB /* FxEffect.swift */,
                A10016AB /* FxSettings.swift */,
                A10017AB /* FxEQ.swift */,
                A10018AB /* FxDSP.swift */,
                A10019AB /* propertyAnimation.swift */,
                A10020AC /* Utils.swift */,
                A10020AB /* AudioEngine.h */,
                A10021AB /* audioEngine.m */,
                A10022AC /* EQSettings.h */,
                A10022AB /* EQSettings.m */,
                A10023AC /* DSPSettings.h */,
                A10023AB /* DSPSettings.m */,
                A10024AC /* SwiftTryCatch.h */,
                A10024AB /* SwiftTryCatch.m */,
                A10025AC /* ZipArchive.h */,
                A10025AB /* ZipArchive.mm */,
            );
            name = "Shared Engine";
            sourceTree = "<group>";
        };
        A1G00004 /* BASS Audio */ = {
            isa = PBXGroup;
            children = (
                A10050AB /* bass.h */,
                A10051AB /* bassmix.h */,
                A10052AB /* bassmidi.h */,
                A10053AB /* bassenc.h */,
            );
            name = "BASS Audio";
            sourceTree = "<group>";
        };
        A1G00005 /* minizip */ = {
            isa = PBXGroup;
            children = (
                A10030AB /* crypt.h */,
                A10031AB /* ioapi.c */,
                A10031AC /* ioapi.h */,
                A10032AB /* mztools.c */,
                A10032AC /* mztools.h */,
                A10033AB /* unzip.c */,
                A10033AC /* unzip.h */,
                A10034AB /* zip.c */,
                A10034AC /* zip.h */,
            );
            name = minizip;
            sourceTree = "<group>";
        };
        A1G00006 /* Frameworks */ = {
            isa = PBXGroup;
            children = (
                A10041AB /* AudioToolbox.framework */,
                A10042AB /* AVFoundation.framework */,
                A10043AB /* CoreMedia.framework */,
                A10044AB /* CoreMIDI.framework */,
                A10045AB /* AVKit.framework */,
                A10046AB /* StoreKit.framework */,
                A10047AB /* MultipeerConnectivity.framework */,
                A10048AB /* libz.tbd */,
            );
            name = Frameworks;
            sourceTree = "<group>";
        };
        A1G00007 /* Products */ = {
            isa = PBXGroup;
            children = (
                A10000AA /* FX-Live-Mac.app */,
            );
            name = Products;
            sourceTree = "<group>";
        };
/* End PBXGroup section */

/* Begin PBXNativeTarget section */
        A1T00001 /* FX-Live-Mac */ = {
            isa = PBXNativeTarget;
            buildConfigurationList = A1C00003 /* Build configuration list for PBXNativeTarget "FX-Live-Mac" */;
            buildPhases = (
                A1S00001 /* Sources */,
                A1F00001 /* Frameworks */,
                A1R00001 /* Resources */,
            );
            buildRules = (
            );
            dependencies = (
            );
            name = "FX-Live-Mac";
            productName = "FX-Live-Mac";
            productReference = A10000AA /* FX-Live-Mac.app */;
            productType = "com.apple.product-type.application";
        };
/* End PBXNativeTarget section */

/* Begin PBXProject section */
        A1P00001 /* Project object */ = {
            isa = PBXProject;
            attributes = {
                BuildIndependentTargetsInParallel = 1;
                LastSwiftUpdateCheck = 1600;
                LastUpgradeCheck = 1600;
                TargetAttributes = {
                    A1T00001 = {
                        CreatedOnToolsVersion = 16.0;
                    };
                };
            };
            buildConfigurationList = A1C00001 /* Build configuration list for PBXProject "FX-Live-Mac" */;
            compatibilityVersion = "Xcode 14.0";
            developmentRegion = en;
            hasScannedForEncodings = 0;
            knownRegions = (
                en,
                Base,
            );
            mainGroup = A1G00001 /* root */;
            productRefGroup = A1G00007 /* Products */;
            projectDirPath = "";
            projectRoot = "";
            targets = (
                A1T00001 /* FX-Live-Mac */,
            );
        };
/* End PBXProject section */

/* Begin PBXResourcesBuildPhase section */
        A1R00001 /* Resources */ = {
            isa = PBXResourcesBuildPhase;
            buildActionMask = 2147483647;
            files = (
            );
            runOnlyForDeploymentPostprocessing = 0;
        };
/* End PBXResourcesBuildPhase section */

/* Begin PBXSourcesBuildPhase section */
        A1S00001 /* Sources */ = {
            isa = PBXSourcesBuildPhase;
            buildActionMask = 2147483647;
            files = (
                A10001AA /* FX_Live_MacApp.swift in Sources */,
                A10002AA /* ContentView.swift in Sources */,
                A10003AA /* MacShowsView.swift in Sources */,
                A10004AA /* MacPerformView.swift in Sources */,
                A10005AA /* MacDesignView.swift in Sources */,
                A10006AA /* MacMusicView.swift in Sources */,
                A10007AA /* MacFilesView.swift in Sources */,
                A10008AA /* MacSettingsView.swift in Sources */,
                A10011AA /* FxEngine.swift in Sources */,
                A10012AA /* FxShow.swift in Sources */,
                A10013AA /* FxVersion.swift in Sources */,
                A10014AA /* FxCue.swift in Sources */,
                A10015AA /* FxEffect.swift in Sources */,
                A10016AA /* FxSettings.swift in Sources */,
                A10017AA /* FxEQ.swift in Sources */,
                A10018AA /* FxDSP.swift in Sources */,
                A10019AA /* propertyAnimation.swift in Sources */,
                A10020AA /* Utils.swift in Sources */,
                A10021AA /* audioEngine.m in Sources */,
                A10022AA /* EQSettings.m in Sources */,
                A10023AA /* DSPSettings.m in Sources */,
                A10024AA /* SwiftTryCatch.m in Sources */,
                A10025AA /* ZipArchive.mm in Sources */,
                A10031AA /* ioapi.c in Sources */,
                A10032AA /* mztools.c in Sources */,
                A10033AA /* unzip.c in Sources */,
                A10034AA /* zip.c in Sources */,
            );
            runOnlyForDeploymentPostprocessing = 0;
        };
/* End PBXSourcesBuildPhase section */

/* Begin XCBuildConfiguration section */
        A1B00001 /* Debug */ = {
            isa = XCBuildConfiguration;
            buildSettings = {
                ALWAYS_SEARCH_USER_PATHS = NO;
                ASSETCATALOG_COMPILER_GENERATE_SWIFT_ASSET_SYMBOL_EXTENSIONS = YES;
                CLANG_ANALYZER_NONNULL = YES;
                CLANG_ANALYZER_NUMBER_OBJECT_CONVERSION = YES_AGGRESSIVE;
                CLANG_CXX_LANGUAGE_STANDARD = "gnu++20";
                CLANG_ENABLE_MODULES = YES;
                CLANG_ENABLE_OBJC_ARC = YES;
                CLANG_ENABLE_OBJC_WEAK = YES;
                CLANG_WARN_BLOCK_CAPTURE_AUTORELEASING = YES;
                CLANG_WARN_BOOL_CONVERSION = YES;
                CLANG_WARN_COMMA = YES;
                CLANG_WARN_CONSTANT_CONVERSION = YES;
                CLANG_WARN_DEPRECATED_OBJC_IMPLEMENTATIONS = YES;
                CLANG_WARN_DIRECT_OBJC_ISA_USAGE = YES_ERROR;
                CLANG_WARN_DOCUMENTATION_COMMENTS = YES;
                CLANG_WARN_EMPTY_BODY = YES;
                CLANG_WARN_ENUM_CONVERSION = YES;
                CLANG_WARN_INFINITE_RECURSION = YES;
                CLANG_WARN_INT_CONVERSION = YES;
                CLANG_WARN_NON_LITERAL_NULL_CONVERSION = YES;
                CLANG_WARN_OBJC_IMPLICIT_RETAIN_SELF = YES;
                CLANG_WARN_OBJC_LITERAL_CONVERSION = YES;
                CLANG_WARN_OBJC_ROOT_CLASS = YES_ERROR;
                CLANG_WARN_QUOTED_INCLUDE_IN_FRAMEWORK_HEADER = YES;
                CLANG_WARN_RANGE_LOOP_ANALYSIS = YES;
                CLANG_WARN_STRICT_PROTOTYPES = YES;
                CLANG_WARN_SUSPICIOUS_MOVE = YES;
                CLANG_WARN_UNGUARDED_AVAILABILITY = YES_AGGRESSIVE;
                CLANG_WARN_UNREACHABLE_CODE = YES;
                CLANG_WARN__DUPLICATE_METHOD_MATCH = YES;
                COPY_PHASE_STRIP = NO;
                DEBUG_INFORMATION_FORMAT = dwarf;
                ENABLE_STRICT_OBJC_MSGSEND = YES;
                ENABLE_TESTABILITY = YES;
                ENABLE_USER_SCRIPT_SANDBOXING = YES;
                GCC_C_LANGUAGE_STANDARD = gnu17;
                GCC_DYNAMIC_NO_PIC = NO;
                GCC_NO_COMMON_BLOCKS = YES;
                GCC_OPTIMIZATION_LEVEL = 0;
                GCC_PREPROCESSOR_DEFINITIONS = (
                    "DEBUG=1",
                    "$(inherited)",
                );
                GCC_WARN_64_TO_32_BIT_CONVERSION = YES;
                GCC_WARN_ABOUT_RETURN_TYPE = YES_ERROR;
                GCC_WARN_UNDECLARED_SELECTOR = YES;
                GCC_WARN_UNINITIALIZED_AUTOS = YES_AGGRESSIVE;
                GCC_WARN_UNUSED_FUNCTION = YES;
                GCC_WARN_UNUSED_VARIABLE = YES;
                MACOSX_DEPLOYMENT_TARGET = 14.0;
                MTL_ENABLE_DEBUG_INFO = INCLUDE_SOURCE;
                MTL_FAST_MATH = YES;
                ONLY_ACTIVE_ARCH = YES;
                SDKROOT = macosx;
                SWIFT_ACTIVE_COMPILATION_CONDITIONS = "DEBUG $(inherited)";
                SWIFT_OPTIMIZATION_LEVEL = "-Onone";
            };
            name = Debug;
        };
        A1B00002 /* Release */ = {
            isa = XCBuildConfiguration;
            buildSettings = {
                ALWAYS_SEARCH_USER_PATHS = NO;
                ASSETCATALOG_COMPILER_GENERATE_SWIFT_ASSET_SYMBOL_EXTENSIONS = YES;
                CLANG_ANALYZER_NONNULL = YES;
                CLANG_ANALYZER_NUMBER_OBJECT_CONVERSION = YES_AGGRESSIVE;
                CLANG_CXX_LANGUAGE_STANDARD = "gnu++20";
                CLANG_ENABLE_MODULES = YES;
                CLANG_ENABLE_OBJC_ARC = YES;
                CLANG_ENABLE_OBJC_WEAK = YES;
                CLANG_WARN_BLOCK_CAPTURE_AUTORELEASING = YES;
                CLANG_WARN_BOOL_CONVERSION = YES;
                CLANG_WARN_COMMA = YES;
                CLANG_WARN_CONSTANT_CONVERSION = YES;
                CLANG_WARN_DEPRECATED_OBJC_IMPLEMENTATIONS = YES;
                CLANG_WARN_DIRECT_OBJC_ISA_USAGE = YES_ERROR;
                CLANG_WARN_DOCUMENTATION_COMMENTS = YES;
                CLANG_WARN_EMPTY_BODY = YES;
                CLANG_WARN_ENUM_CONVERSION = YES;
                CLANG_WARN_INFINITE_RECURSION = YES;
                CLANG_WARN_INT_CONVERSION = YES;
                CLANG_WARN_NON_LITERAL_NULL_CONVERSION = YES;
                CLANG_WARN_OBJC_IMPLICIT_RETAIN_SELF = YES;
                CLANG_WARN_OBJC_LITERAL_CONVERSION = YES;
                CLANG_WARN_OBJC_ROOT_CLASS = YES_ERROR;
                CLANG_WARN_QUOTED_INCLUDE_IN_FRAMEWORK_HEADER = YES;
                CLANG_WARN_RANGE_LOOP_ANALYSIS = YES;
                CLANG_WARN_STRICT_PROTOTYPES = YES;
                CLANG_WARN_SUSPICIOUS_MOVE = YES;
                CLANG_WARN_UNGUARDED_AVAILABILITY = YES_AGGRESSIVE;
                CLANG_WARN_UNREACHABLE_CODE = YES;
                CLANG_WARN__DUPLICATE_METHOD_MATCH = YES;
                COPY_PHASE_STRIP = NO;
                DEBUG_INFORMATION_FORMAT = "dwarf-with-dsym";
                ENABLE_NS_ASSERTIONS = NO;
                ENABLE_STRICT_OBJC_MSGSEND = YES;
                ENABLE_USER_SCRIPT_SANDBOXING = YES;
                GCC_C_LANGUAGE_STANDARD = gnu17;
                GCC_NO_COMMON_BLOCKS = YES;
                GCC_WARN_64_TO_32_BIT_CONVERSION = YES;
                GCC_WARN_ABOUT_RETURN_TYPE = YES_ERROR;
                GCC_WARN_UNDECLARED_SELECTOR = YES;
                GCC_WARN_UNINITIALIZED_AUTOS = YES_AGGRESSIVE;
                GCC_WARN_UNUSED_FUNCTION = YES;
                GCC_WARN_UNUSED_VARIABLE = YES;
                MACOSX_DEPLOYMENT_TARGET = 14.0;
                MTL_ENABLE_DEBUG_INFO = NO;
                MTL_FAST_MATH = YES;
                SDKROOT = macosx;
                SWIFT_COMPILATION_MODE = wholemodule;
            };
            name = Release;
        };
        A1B00003 /* Debug */ = {
            isa = XCBuildConfiguration;
            buildSettings = {
                ASSETCATALOG_COMPILER_APPICON_NAME = AppIcon;
                ASSETCATALOG_COMPILER_GLOBAL_ACCENT_COLOR_NAME = AccentColor;
                CODE_SIGN_ENTITLEMENTS = "";
                CODE_SIGN_IDENTITY = "Apple Development";
                CODE_SIGN_STYLE = Automatic;
                COMBINE_HIDPI_IMAGES = YES;
                CURRENT_PROJECT_VERSION = 1;
                DEVELOPMENT_TEAM = V8266564RR;
                ENABLE_HARDENED_RUNTIME = YES;
                GENERATE_INFOPLIST_FILE = YES;
                INFOPLIST_KEY_LSApplicationCategoryType = "public.app-category.entertainment";
                INFOPLIST_KEY_NSHumanReadableCopyright = "Copyright © 2026 Driftwood Software. All rights reserved.";
                HEADER_SEARCH_PATHS = (
                    "$(inherited)",
                    "\"$(SRCROOT)/../FX-Live2/FX-Live2\"",
                    "\"$(SRCROOT)/../../FX-Live2\"",
                    "\"$(SRCROOT)/../FX-Live2/minizip\"",
                );
                LD_RUNPATH_SEARCH_PATHS = (
                    "$(inherited)",
                    "@executable_path/../Frameworks",
                );
                MARKETING_VERSION = 1.0;
                OTHER_LDFLAGS = "-lc++";
                PRODUCT_BUNDLE_IDENTIFIER = "com.driftwoodsoftware.FX-Live-Mac";
                PRODUCT_NAME = "$(TARGET_NAME)";
                SWIFT_EMIT_LOC_STRINGS = YES;
                SWIFT_OBJC_BRIDGING_HEADER = "FX-Live-Mac/FX-Live-Mac-Bridging-Header.h";
                SWIFT_VERSION = 5.0;
            };
            name = Debug;
        };
        A1B00004 /* Release */ = {
            isa = XCBuildConfiguration;
            buildSettings = {
                ASSETCATALOG_COMPILER_APPICON_NAME = AppIcon;
                ASSETCATALOG_COMPILER_GLOBAL_ACCENT_COLOR_NAME = AccentColor;
                CODE_SIGN_ENTITLEMENTS = "";
                CODE_SIGN_IDENTITY = "Apple Development";
                CODE_SIGN_STYLE = Automatic;
                COMBINE_HIDPI_IMAGES = YES;
                CURRENT_PROJECT_VERSION = 1;
                DEVELOPMENT_TEAM = V8266564RR;
                ENABLE_HARDENED_RUNTIME = YES;
                GENERATE_INFOPLIST_FILE = YES;
                INFOPLIST_KEY_LSApplicationCategoryType = "public.app-category.entertainment";
                INFOPLIST_KEY_NSHumanReadableCopyright = "Copyright © 2026 Driftwood Software. All rights reserved.";
                HEADER_SEARCH_PATHS = (
                    "$(inherited)",
                    "\"$(SRCROOT)/../FX-Live2/FX-Live2\"",
                    "\"$(SRCROOT)/../../FX-Live2\"",
                    "\"$(SRCROOT)/../FX-Live2/minizip\"",
                );
                LD_RUNPATH_SEARCH_PATHS = (
                    "$(inherited)",
                    "@executable_path/../Frameworks",
                );
                MARKETING_VERSION = 1.0;
                OTHER_LDFLAGS = "-lc++";
                PRODUCT_BUNDLE_IDENTIFIER = "com.driftwoodsoftware.FX-Live-Mac";
                PRODUCT_NAME = "$(TARGET_NAME)";
                SWIFT_EMIT_LOC_STRINGS = YES;
                SWIFT_OBJC_BRIDGING_HEADER = "FX-Live-Mac/FX-Live-Mac-Bridging-Header.h";
                SWIFT_VERSION = 5.0;
            };
            name = Release;
        };
/* End XCBuildConfiguration section */

/* Begin XCConfigurationList section */
        A1C00001 /* Build configuration list for PBXProject "FX-Live-Mac" */ = {
            isa = XCConfigurationList;
            buildConfigurations = (
                A1B00001 /* Debug */,
                A1B00002 /* Release */,
            );
            defaultConfigurationIsVisible = 0;
            defaultConfigurationName = Release;
        };
        A1C00003 /* Build configuration list for PBXNativeTarget "FX-Live-Mac" */ = {
            isa = XCConfigurationList;
            buildConfigurations = (
                A1B00003 /* Debug */,
                A1B00004 /* Release */,
            );
            defaultConfigurationIsVisible = 0;
            defaultConfigurationName = Release;
        };
/* End XCConfigurationList section */
    };
    rootObject = A1P00001 /* Project object */;
}
